
Microsoft Visual Studio Solution File, Format Version 12.00
# Visual Studio 15
VisualStudioVersion = 15.0.28307.1082
MinimumVisualStudioVersion = 10.0.40219.1
Project("{FAE04EC0-301F-11D3-BF4B-00C04F79EFBC}") = "EWtemplate", "EWtemplate\EWtemplate.csproj", "{BA46AA61-2D7B-491C-B699-7E0C44C350DB}"
EndProject
Global
	GlobalSection(SolutionConfigurationPlatforms) = preSolution
		Debug|Any CPU = Debug|Any CPU
		Release|Any CPU = Release|Any CPU
	EndGlobalSection
	GlobalSection(ProjectConfigurationPlatforms) = postSolution
		{BA46AA61-2D7B-491C-B699-7E0C44C350DB}.Debug|Any CPU.ActiveCfg = Debug|Any CPU
		{BA46AA61-2D7B-491C-B699-7E0C44C350DB}.Debug|Any CPU.Build.0 = Debug|Any CPU
		{BA46AA61-2D7B-491C-B699-7E0C44C350DB}.Release|Any CPU.ActiveCfg = Release|Any CPU
		{BA46AA61-2D7B-491C-B699-7E0C44C350DB}.Release|Any CPU.Build.0 = Release|Any CPU
	EndGlobalSection
	GlobalSection(SolutionProperties) = preSolution
		HideSolutionNode = FALSE
	EndGlobalSection
	GlobalSection(ExtensibilityGlobals) = postSolution
		SolutionGuid = {4CB4F630-7417-4CB8-918E-78D3BB600FA3}
	EndGlobalSection
EndGlobal
